// !$*UTF8*$!
{
	archiveVersion = 1;
	classes = {
	};
	objectVersion = 51;
	objects = {

/* Begin PBXBuildFile section */
		BE7C9A99243D811F067292FC /* Pods_TchnFshn.framework in Frameworks */ = {isa = PBXBuildFile; fileRef = 24EDCC73DB858D703F3626BA /* Pods_TchnFshn.framework */; };
		CD5516FB2582A7710034B534 /* TabbarViewController.swift in Sources */ = {isa = PBXBuildFile; fileRef = CD5516FA2582A7710034B534 /* TabbarViewController.swift */; };
		CD5516FE2582B3D00034B534 /* FiltremeTableViewController.swift in Sources */ = {isa = PBXBuildFile; fileRef = CD5516FD2582B3D00034B534 /* FiltremeTableViewController.swift */; };
		CD62EB0E2581C83E0065B9CD /* PhotoCell.xib in Resources */ = {isa = PBXBuildFile; fileRef = CD62EB0C2581C83E0065B9CD /* PhotoCell.xib */; };
		CD62EB0F2581C83E0065B9CD /* PhotoCell.swift in Sources */ = {isa = PBXBuildFile; fileRef = CD62EB0D2581C83E0065B9CD /* PhotoCell.swift */; };
		CD62EB1A258224F00065B9CD /* ProducProvider.swift in Sources */ = {isa = PBXBuildFile; fileRef = CD62EB19258224F00065B9CD /* ProducProvider.swift */; };
		CD62EB1E25822A460065B9CD /* ProductData.swift in Sources */ = {isa = PBXBuildFile; fileRef = CD62EB1D25822A460065B9CD /* ProductData.swift */; };
		CD7022792581A94800C6956D /* AppDelegate.swift in Sources */ = {isa = PBXBuildFile; fileRef = CD7022782581A94800C6956D /* AppDelegate.swift */; };
		CD70227B2581A94800C6956D /* SceneDelegate.swift in Sources */ = {isa = PBXBuildFile; fileRef = CD70227A2581A94800C6956D /* SceneDelegate.swift */; };
		CD70227D2581A94800C6956D /* ViewController.swift in Sources */ = {isa = PBXBuildFile; fileRef = CD70227C2581A94800C6956D /* ViewController.swift */; };
		CD7022802581A94800C6956D /* Main.storyboard in Resources */ = {isa = PBXBuildFile; fileRef = CD70227E2581A94800C6956D /* Main.storyboard */; };
		CD7022822581A94B00C6956D /* Assets.xcassets in Resources */ = {isa = PBXBuildFile; fileRef = CD7022812581A94B00C6956D /* Assets.xcassets */; };
		CD7022852581A94B00C6956D /* LaunchScreen.storyboard in Resources */ = {isa = PBXBuildFile; fileRef = CD7022832581A94B00C6956D /* LaunchScreen.storyboard */; };
/* End PBXBuildFile section */

/* Begin PBXFileReference section */
		09953F6E1D945DFB138DE0BC /* Pods-TchnFshn.debug.xcconfig */ = {isa = PBXFileReference; includeInIndex = 1; lastKnownFileType = text.xcconfig; name = "Pods-TchnFshn.debug.xcconfig"; path = "Target Support Files/Pods-TchnFshn/Pods-TchnFshn.debug.xcconfig"; sourceTree = "<group>"; };
		24EDCC73DB858D703F3626BA /* Pods_TchnFshn.framework */ = {isa = PBXFileReference; explicitFileType = wrapper.framework; includeInIndex = 0; path = Pods_TchnFshn.framework; sourceTree = BUILT_PRODUCTS_DIR; };
		37E797260F9974C94DED087D /* Pods-TchnFshn.release.xcconfig */ = {isa = PBXFileReference; includeInIndex = 1; lastKnownFileType = text.xcconfig; name = "Pods-TchnFshn.release.xcconfig"; path = "Target Support Files/Pods-TchnFshn/Pods-TchnFshn.release.xcconfig"; sourceTree = "<group>"; };
		CD5516FA2582A7710034B534 /* TabbarViewController.swift */ = {isa = PBXFileReference; lastKnownFileType = sourcecode.swift; path = TabbarViewController.swift; sourceTree = "<group>"; };
		CD5516FD2582B3D00034B534 /* FiltremeTableViewController.swift */ = {isa = PBXFileReference; lastKnownFileType = sourcecode.swift; path = FiltremeTableViewController.swift; sourceTree = "<group>"; };
		CD62EB0C2581C83E0065B9CD /* PhotoCell.xib */ = {isa = PBXFileReference; lastKnownFileType = file.xib; path = PhotoCell.xib; sourceTree = "<group>"; };
		CD62EB0D2581C83E0065B9CD /* PhotoCell.swift */ = {isa = PBXFileReference; lastKnownFileType = sourcecode.swift; path = PhotoCell.swift; sourceTree = "<group>"; };
		CD62EB19258224F00065B9CD /* ProducProvider.swift */ = {isa = PBXFileReference; lastKnownFileType = sourcecode.swift; path = ProducProvider.swift; sourceTree = "<group>"; };
		CD62EB1D25822A460065B9CD /* ProductData.swift */ = {isa = PBXFileReference; lastKnownFileType = sourcecode.swift; path = ProductData.swift; sourceTree = "<group>"; };
		CD7022752581A94800C6956D /* TchnFshn.app */ = {isa = PBXFileReference; explicitFileType = wrapper.application; includeInIndex = 0; path = TchnFshn.app; sourceTree = BUILT_PRODUCTS_DIR; };
		CD7022782581A94800C6956D /* AppDelegate.swift */ = {isa = PBXFileReference; lastKnownFileType = sourcecode.swift; path = AppDelegate.swift; sourceTree = "<group>"; };
		CD70227A2581A94800C6956D /* SceneDelegate.swift */ = {isa = PBXFileReference; lastKnownFileType = sourcecode.swift; path = SceneDelegate.swift; sourceTree = "<group>"; };
		CD70227C2581A94800C6956D /* ViewController.swift */ = {isa = PBXFileReference; lastKnownFileType = sourcecode.swift; path = ViewController.swift; sourceTree = "<group>"; };
		CD70227F2581A94800C6956D /* Base */ = {isa = PBXFileReference; lastKnownFileType = file.storyboard; name = Base; path = Base.lproj/Main.storyboard; sourceTree = "<group>"; };
		CD7022812581A94B00C6956D /* Assets.xcassets */ = {isa = PBXFileReference; lastKnownFileType = folder.assetcatalog; path = Assets.xcassets; sourceTree = "<group>"; };
		CD7022842581A94B00C6956D /* Base */ = {isa = PBXFileReference; lastKnownFileType = file.storyboard; name = Base; path = Base.lproj/LaunchScreen.storyboard; sourceTree = "<group>"; };
		CD7022862581A94B00C6956D /* Info.plist */ = {isa = PBXFileReference; lastKnownFileType = text.plist.xml; path = Info.plist; sourceTree = "<group>"; };
/* End PBXFileReference section */

/* Begin PBXFrameworksBuildPhase section */
		CD7022722581A94800C6956D /* Frameworks */ = {
			isa = PBXFrameworksBuildPhase;
			buildActionMask = 2147483647;
			files = (
				BE7C9A99243D811F067292FC /* Pods_TchnFshn.framework in Frameworks */,
			);
			runOnlyForDeploymentPostprocessing = 0;
		};
/* End PBXFrameworksBuildPhase section */

/* Begin PBXGroup section */
		7D2BA99B96E69D7B46465AE2 /* Frameworks */ = {
			isa = PBXGroup;
			children = (
				24EDCC73DB858D703F3626BA /* Pods_TchnFshn.framework */,
			);
			name = Frameworks;
			sourceTree = "<group>";
		};
		BD03F766BACA7294ABCB1612 /* Pods */ = {
			isa = PBXGroup;
			children = (
				09953F6E1D945DFB138DE0BC /* Pods-TchnFshn.debug.xcconfig */,
				37E797260F9974C94DED087D /* Pods-TchnFshn.release.xcconfig */,
			);
			path = Pods;
			sourceTree = "<group>";
		};
		CD5516F72582A6F40034B534 /* View */ = {
			isa = PBXGroup;
			children = (
				CD70227E2581A94800C6956D /* Main.storyboard */,
			);
			path = View;
			sourceTree = "<group>";
		};
		CD5516F82582A7120034B534 /* Controllers */ = {
			isa = PBXGroup;
			children = (
				CD70227C2581A94800C6956D /* ViewController.swift */,
				CD5516FA2582A7710034B534 /* TabbarViewController.swift */,
				CD5516FD2582B3D00034B534 /* FiltremeTableViewController.swift */,
			);
			path = Controllers;
			sourceTree = "<group>";
		};
		CD62EB20258241F80065B9CD /* Models */ = {
			isa = PBXGroup;
			children = (
				CD62EB1D25822A460065B9CD /* ProductData.swift */,
			);
			path = Models;
			sourceTree = "<group>";
		};
		CD62EB21258241FF0065B9CD /* Providers */ = {
			isa = PBXGroup;
			children = (
				CD62EB19258224F00065B9CD /* ProducProvider.swift */,
			);
			path = Providers;
			sourceTree = "<group>";
		};
		CD62EB232582420B0065B9CD /* Cells */ = {
			isa = PBXGroup;
			children = (
				CD62EB0D2581C83E0065B9CD /* PhotoCell.swift */,
				CD62EB0C2581C83E0065B9CD /* PhotoCell.xib */,
			);
			path = Cells;
			sourceTree = "<group>";
		};
		CD70226C2581A94800C6956D = {
			isa = PBXGroup;
			children = (
				CD7022772581A94800C6956D /* TchnFshn */,
				CD7022762581A94800C6956D /* Products */,
				BD03F766BACA7294ABCB1612 /* Pods */,
				7D2BA99B96E69D7B46465AE2 /* Frameworks */,
			);
			sourceTree = "<group>";
		};
		CD7022762581A94800C6956D /* Products */ = {
			isa = PBXGroup;
			children = (
				CD7022752581A94800C6956D /* TchnFshn.app */,
			);
			name = Products;
			sourceTree = "<group>";
		};
		CD7022772581A94800C6956D /* TchnFshn */ = {
			isa = PBXGroup;
			children = (
				CD7022782581A94800C6956D /* AppDelegate.swift */,
				CD70227A2581A94800C6956D /* SceneDelegate.swift */,
				CD5516F82582A7120034B534 /* Controllers */,
				CD62EB232582420B0065B9CD /* Cells */,
				CD62EB21258241FF0065B9CD /* Providers */,
				CD62EB20258241F80065B9CD /* Models */,
				CD5516F72582A6F40034B534 /* View */,
				CD7022812581A94B00C6956D /* Assets.xcassets */,
				CD7022832581A94B00C6956D /* LaunchScreen.storyboard */,
				CD7022862581A94B00C6956D /* Info.plist */,
			);
			path = TchnFshn;
			sourceTree = "<group>";
		};
/* End PBXGroup section */

/* Begin PBXNativeTarget section */
		CD7022742581A94800C6956D /* TchnFshn */ = {
			isa = PBXNativeTarget;
			buildConfigurationList = CD7022892581A94C00C6956D /* Build configuration list for PBXNativeTarget "TchnFshn" */;
			buildPhases = (
				BC9E0F65CB445CD61385F1AF /* [CP] Check Pods Manifest.lock */,
				CD7022712581A94800C6956D /* Sources */,
				CD7022722581A94800C6956D /* Frameworks */,
				CD7022732581A94800C6956D /* Resources */,
				67338E2A64ED35839F856649 /* [CP] Embed Pods Frameworks */,
			);
			buildRules = (
			);
			dependencies = (
			);
			name = TchnFshn;
			productName = TchnFshn;
			productReference = CD7022752581A94800C6956D /* TchnFshn.app */;
			productType = "com.apple.product-type.application";
		};
/* End PBXNativeTarget section */

/* Begin PBXProject section */
		CD70226D2581A94800C6956D /* Project object */ = {
			isa = PBXProject;
			attributes = {
				LastSwiftUpdateCheck = 1220;
				LastUpgradeCheck = 1220;
				TargetAttributes = {
					CD7022742581A94800C6956D = {
						CreatedOnToolsVersion = 12.2;
					};
				};
			};
			buildConfigurationList = CD7022702581A94800C6956D /* Build configuration list for PBXProject "TchnFshn" */;
			compatibilityVersion = "Xcode 9.3";
			developmentRegion = en;
			hasScannedForEncodings = 0;
			knownRegions = (
				en,
				Base,
			);
			mainGroup = CD70226C2581A94800C6956D;
			productRefGroup = CD7022762581A94800C6956D /* Products */;
			projectDirPath = "";
			projectRoot = "";
			targets = (
				CD7022742581A94800C6956D /* TchnFshn */,
			);
		};
/* End PBXProject section */

/* Begin PBXResourcesBuildPhase section */
		CD7022732581A94800C6956D /* Resources */ = {
			isa = PBXResourcesBuildPhase;
			buildActionMask = 2147483647;
			files = (
				CD62EB0E2581C83E0065B9CD /* PhotoCell.xib in Resources */,
				CD7022852581A94B00C6956D /* LaunchScreen.storyboard in Resources */,
				CD7022822581A94B00C6956D /* Assets.xcassets in Resources */,
				CD7022802581A94800C6956D /* Main.storyboard in Resources */,
			);
			runOnlyForDeploymentPostprocessing = 0;
		};
/* End PBXResourcesBuildPhase section */

/* Begin PBXShellScriptBuildPhase section */
		67338E2A64ED35839F856649 /* [CP] Embed Pods Frameworks */ = {
			isa = PBXShellScriptBuildPhase;
			buildActionMask = 2147483647;
			files = (
			);
			inputFileListPaths = (
				"${PODS_ROOT}/Target Support Files/Pods-TchnFshn/Pods-TchnFshn-frameworks-${CONFIGURATION}-input-files.xcfilelist",
			);
			name = "[CP] Embed Pods Frameworks";
			outputFileListPaths = (
				"${PODS_ROOT}/Target Support Files/Pods-TchnFshn/Pods-TchnFshn-frameworks-${CONFIGURATION}-output-files.xcfilelist",
			);
			runOnlyForDeploymentPostprocessing = 0;
			shellPath = /bin/sh;
			shellScript = "\"${PODS_ROOT}/Target Support Files/Pods-TchnFshn/Pods-TchnFshn-frameworks.sh\"\n";
			showEnvVarsInLog = 0;
		};
		BC9E0F65CB445CD61385F1AF /* [CP] Check Pods Manifest.lock */ = {
			isa = PBXShellScriptBuildPhase;
			buildActionMask = 2147483647;
			files = (
			);
			inputFileListPaths = (
			);
			inputPaths = (
				"${PODS_PODFILE_DIR_PATH}/Podfile.lock",
				"${PODS_ROOT}/Manifest.lock",
			);
			name = "[CP] Check Pods Manifest.lock";
			outputFileListPaths = (
			);
			outputPaths = (
				"$(DERIVED_FILE_DIR)/Pods-TchnFshn-checkManifestLockResult.txt",
			);
			runOnlyForDeploymentPostprocessing = 0;
			shellPath = /bin/sh;
			shellScript = "diff \"${PODS_PODFILE_DIR_PATH}/Podfile.lock\" \"${PODS_ROOT}/Manifest.lock\" > /dev/null\nif [ $? != 0 ] ; then\n    # print error to STDERR\n    echo \"error: The sandbox is not in sync with the Podfile.lock. Run 'pod install' or update your CocoaPods installation.\" >&2\n    exit 1\nfi\n# This output is used by Xcode 'outputs' to avoid re-running this script phase.\necho \"SUCCESS\" > \"${SCRIPT_OUTPUT_FILE_0}\"\n";
			showEnvVarsInLog = 0;
		};
/* End PBXShellScriptBuildPhase section */

/* Begin PBXSourcesBuildPhase section */
		CD7022712581A94800C6956D /* Sources */ = {
			isa = PBXSourcesBuildPhase;
			buildActionMask = 2147483647;
			files = (
				CD62EB0F2581C83E0065B9CD /* PhotoCell.swift in Sources */,
				CD5516FE2582B3D00034B534 /* FiltremeTableViewController.swift in Sources */,
				CD62EB1A258224F00065B9CD /* ProducProvider.swift in Sources */,
				CD5516FB2582A7710034B534 /* TabbarViewController.swift in Sources */,
				CD70227D2581A94800C6956D /* ViewController.swift in Sources */,
				CD7022792581A94800C6956D /* AppDelegate.swift in Sources */,
				CD70227B2581A94800C6956D /* SceneDelegate.swift in Sources */,
				CD62EB1E25822A460065B9CD /* ProductData.swift in Sources */,
			);
			runOnlyForDeploymentPostprocessing = 0;
		};
/* End PBXSourcesBuildPhase section */

/* Begin PBXVariantGroup section */
		CD70227E2581A94800C6956D /* Main.storyboard */ = {
			isa = PBXVariantGroup;
			children = (
				CD70227F2581A94800C6956D /* Base */,
			);
			name = Main.storyboard;
			sourceTree = "<group>";
		};
		CD7022832581A94B00C6956D /* LaunchScreen.storyboard */ = {
			isa = PBXVariantGroup;
			children = (
				CD7022842581A94B00C6956D /* Base */,
			);
			name = LaunchScreen.storyboard;
			sourceTree = "<group>";
		};
/* End PBXVariantGroup section */

/* Begin XCBuildConfiguration section */
		CD7022872581A94B00C6956D /* Debug */ = {
			isa = XCBuildConfiguration;
			buildSettings = {
				ALWAYS_SEARCH_USER_PATHS = NO;
				CLANG_ANALYZER_NONNULL = YES;
				CLANG_ANALYZER_NUMBER_OBJECT_CONVERSION = YES_AGGRESSIVE;
				CLANG_CXX_LANGUAGE_STANDARD = "gnu++14";
				CLANG_CXX_LIBRARY = "libc++";
				CLANG_ENABLE_MODULES = YES;
				CLANG_ENABLE_OBJC_ARC = YES;
				CLANG_ENABLE_OBJC_WEAK = YES;
				CLANG_WARN_BLOCK_CAPTURE_AUTORELEASING = YES;
				CLANG_WARN_BOOL_CONVERSION = YES;
				CLANG_WARN_COMMA = YES;
				CLANG_WARN_CONSTANT_CONVERSION = YES;
				CLANG_WARN_DEPRECATED_OBJC_IMPLEMENTATIONS = YES;
				CLANG_WARN_DIRECT_OBJC_ISA_USAGE = YES_ERROR;
				CLANG_WARN_DOCUMENTATION_COMMENTS = YES;
				CLANG_WARN_EMPTY_BODY = YES;
				CLANG_WARN_ENUM_CONVERSION = YES;
				CLANG_WARN_INFINITE_RECURSION = YES;
				CLANG_WARN_INT_CONVERSION = YES;
				CLANG_WARN_NON_LITERAL_NULL_CONVERSION = YES;
				CLANG_WARN_OBJC_IMPLICIT_RETAIN_SELF = YES;
				CLANG_WARN_OBJC_LITERAL_CONVERSION = YES;
				CLANG_WARN_OBJC_ROOT_CLASS = YES_ERROR;
				CLANG_WARN_QUOTED_INCLUDE_IN_FRAMEWORK_HEADER = YES;
				CLANG_WARN_RANGE_LOOP_ANALYSIS = YES;
				CLANG_WARN_STRICT_PROTOTYPES = YES;
				CLANG_WARN_SUSPICIOUS_MOVE = YES;
				CLANG_WARN_UNGUARDED_AVAILABILITY = YES_AGGRESSIVE;
				CLANG_WARN_UNREACHABLE_CODE = YES;
				CLANG_WARN__DUPLICATE_METHOD_MATCH = YES;
				COPY_PHASE_STRIP = NO;
				DEBUG_INFORMATION_FORMAT = dwarf;
				ENABLE_STRICT_OBJC_MSGSEND = YES;
				ENABLE_TESTABILITY = YES;
				GCC_C_LANGUAGE_STANDARD = gnu11;
				GCC_DYNAMIC_NO_PIC = NO;
				GCC_NO_COMMON_BLOCKS = YES;
				GCC_OPTIMIZATION_LEVEL = 0;
				GCC_PREPROCESSOR_DEFINITIONS = (
					"DEBUG=1",
					"$(inherited)",
				);
				GCC_WARN_64_TO_32_BIT_CONVERSION = YES;
				GCC_WARN_ABOUT_RETURN_TYPE = YES_ERROR;
				GCC_WARN_UNDECLARED_SELECTOR = YES;
				GCC_WARN_UNINITIALIZED_AUTOS = YES_AGGRESSIVE;
				GCC_WARN_UNUSED_FUNCTION = YES;
				GCC_WARN_UNUSED_VARIABLE = YES;
				IPHONEOS_DEPLOYMENT_TARGET = 14.2;
				MTL_ENABLE_DEBUG_INFO = INCLUDE_SOURCE;
				MTL_FAST_MATH = YES;
				ONLY_ACTIVE_ARCH = YES;
				SDKROOT = iphoneos;
				SWIFT_ACTIVE_COMPILATION_CONDITIONS = DEBUG;
				SWIFT_OPTIMIZATION_LEVEL = "-Onone";
			};
			name = Debug;
		};
		CD7022882581A94B00C6956D /* Release */ = {
			isa = XCBuildConfiguration;
			buildSettings = {
				ALWAYS_SEARCH_USER_PATHS = NO;
				CLANG_ANALYZER_NONNULL = YES;
				CLANG_ANALYZER_NUMBER_OBJECT_CONVERSION = YES_AGGRESSIVE;
				CLANG_CXX_LANGUAGE_STANDARD = "gnu++14";
				CLANG_CXX_LIBRARY = "libc++";
				CLANG_ENABLE_MODULES = YES;
				CLANG_ENABLE_OBJC_ARC = YES;
				CLANG_ENABLE_OBJC_WEAK = YES;
				CLANG_WARN_BLOCK_CAPTURE_AUTORELEASING = YES;
				CLANG_WARN_BOOL_CONVERSION = YES;
				CLANG_WARN_COMMA = YES;
				CLANG_WARN_CONSTANT_CONVERSION = YES;
				CLANG_WARN_DEPRECATED_OBJC_IMPLEMENTATIONS = YES;
				CLANG_WARN_DIRECT_OBJC_ISA_USAGE = YES_ERROR;
				CLANG_WARN_DOCUMENTATION_COMMENTS = YES;
				CLANG_WARN_EMPTY_BODY = YES;
				CLANG_WARN_ENUM_CONVERSION = YES;
				CLANG_WARN_INFINITE_RECURSION = YES;
				CLANG_WARN_INT_CONVERSION = YES;
				CLANG_WARN_NON_LITERAL_NULL_CONVERSION = YES;
				CLANG_WARN_OBJC_IMPLICIT_RETAIN_SELF = YES;
				CLANG_WARN_OBJC_LITERAL_CONVERSION = YES;
				CLANG_WARN_OBJC_ROOT_CLASS = YES_ERROR;
				CLANG_WARN_QUOTED_INCLUDE_IN_FRAMEWORK_HEADER = YES;
				CLANG_WARN_RANGE_LOOP_ANALYSIS = YES;
				CLANG_WARN_STRICT_PROTOTYPES = YES;
				CLANG_WARN_SUSPICIOUS_MOVE = YES;
				CLANG_WARN_UNGUARDED_AVAILABILITY = YES_AGGRESSIVE;
				CLANG_WARN_UNREACHABLE_CODE = YES;
				CLANG_WARN__DUPLICATE_METHOD_MATCH = YES;
				COPY_PHASE_STRIP = NO;
				DEBUG_INFORMATION_FORMAT = "dwarf-with-dsym";
				ENABLE_NS_ASSERTIONS = NO;
				ENABLE_STRICT_OBJC_MSGSEND = YES;
				GCC_C_LANGUAGE_STANDARD = gnu11;
				GCC_NO_COMMON_BLOCKS = YES;
				GCC_WARN_64_TO_32_BIT_CONVERSION = YES;
				GCC_WARN_ABOUT_RETURN_TYPE = YES_ERROR;
				GCC_WARN_UNDECLARED_SELECTOR = YES;
				GCC_WARN_UNINITIALIZED_AUTOS = YES_AGGRESSIVE;
				GCC_WARN_UNUSED_FUNCTION = YES;
				GCC_WARN_UNUSED_VARIABLE = YES;
				IPHONEOS_DEPLOYMENT_TARGET = 14.2;
				MTL_ENABLE_DEBUG_INFO = NO;
				MTL_FAST_MATH = YES;
				SDKROOT = iphoneos;
				SWIFT_COMPILATION_MODE = wholemodule;
				SWIFT_OPTIMIZATION_LEVEL = "-O";
				VALIDATE_PRODUCT = YES;
			};
			name = Release;
		};
		CD70228A2581A94C00C6956D /* Debug */ = {
			isa = XCBuildConfiguration;
			baseConfigurationReference = 09953F6E1D945DFB138DE0BC /* Pods-TchnFshn.debug.xcconfig */;
			buildSettings = {
				ASSETCATALOG_COMPILER_APPICON_NAME = AppIcon;
				ASSETCATALOG_COMPILER_GLOBAL_ACCENT_COLOR_NAME = AccentColor;
				CODE_SIGN_STYLE = Automatic;
				DEVELOPMENT_TEAM = CR2U55444G;
				INFOPLIST_FILE = TchnFshn/Info.plist;
				LD_RUNPATH_SEARCH_PATHS = (
					"$(inherited)",
					"@executable_path/Frameworks",
				);
				PRODUCT_BUNDLE_IDENTIFIER = nazik.TchnFshn;
				PRODUCT_NAME = "$(TARGET_NAME)";
				SWIFT_VERSION = 5.0;
				TARGETED_DEVICE_FAMILY = "1,2";
			};
			name = Debug;
		};
		CD70228B2581A94C00C6956D /* Release */ = {
			isa = XCBuildConfiguration;
			baseConfigurationReference = 37E797260F9974C94DED087D /* Pods-TchnFshn.release.xcconfig */;
			buildSettings = {
				ASSETCATALOG_COMPILER_APPICON_NAME = AppIcon;
				ASSETCATALOG_COMPILER_GLOBAL_ACCENT_COLOR_NAME = AccentColor;
				CODE_SIGN_STYLE = Automatic;
				DEVELOPMENT_TEAM = CR2U55444G;
				INFOPLIST_FILE = TchnFshn/Info.plist;
				LD_RUNPATH_SEARCH_PATHS = (
					"$(inherited)",
					"@executable_path/Frameworks",
				);
				PRODUCT_BUNDLE_IDENTIFIER = nazik.TchnFshn;
				PRODUCT_NAME = "$(TARGET_NAME)";
				SWIFT_VERSION = 5.0;
				TARGETED_DEVICE_FAMILY = "1,2";
			};
			name = Release;
		};
/* End XCBuildConfiguration section */

/* Begin XCConfigurationList section */
		CD7022702581A94800C6956D /* Build configuration list for PBXProject "TchnFshn" */ = {
			isa = XCConfigurationList;
			buildConfigurations = (
				CD7022872581A94B00C6956D /* Debug */,
				CD7022882581A94B00C6956D /* Release */,
			);
			defaultConfigurationIsVisible = 0;
			defaultConfigurationName = Release;
		};
		CD7022892581A94C00C6956D /* Build configuration list for PBXNativeTarget "TchnFshn" */ = {
			isa = XCConfigurationList;
			buildConfigurations = (
				CD70228A2581A94C00C6956D /* Debug */,
				CD70228B2581A94C00C6956D /* Release */,
			);
			defaultConfigurationIsVisible = 0;
			defaultConfigurationName = Release;
		};
/* End XCConfigurationList section */
	};
	rootObject = CD70226D2581A94800C6956D /* Project object */;
}
